// !$*UTF8*$!
{
	archiveVersion = 1;
	classes = {
	};
	objectVersion = 46;
	objects = {

/* Begin PBXBuildFile section */
		1F64147A1F69A29B00D6A8D0 /* AppDelegate.swift in Sources */ = {isa = PBXBuildFile; fileRef = 1F6414791F69A29B00D6A8D0 /* AppDelegate.swift */; };
		1F64147C1F69A29B00D6A8D0 /* ViewController.swift in Sources */ = {isa = PBXBuildFile; fileRef = 1F64147B1F69A29B00D6A8D0 /* ViewController.swift */; };
		1F64147F1F69A29B00D6A8D0 /* Main.storyboard in Resources */ = {isa = PBXBuildFile; fileRef = 1F64147D1F69A29B00D6A8D0 /* Main.storyboard */; };
		1F6414821F69A29B00D6A8D0 /* Poke_Finder.xcdatamodeld in Sources */ = {isa = PBXBuildFile; fileRef = 1F6414801F69A29B00D6A8D0 /* Poke_Finder.xcdatamodeld */; };
		1F6414841F69A29B00D6A8D0 /* Assets.xcassets in Resources */ = {isa = PBXBuildFile; fileRef = 1F6414831F69A29B00D6A8D0 /* Assets.xcassets */; };
		1F6414871F69A29B00D6A8D0 /* LaunchScreen.storyboard in Resources */ = {isa = PBXBuildFile; fileRef = 1F6414851F69A29B00D6A8D0 /* LaunchScreen.storyboard */; };
		1F64148F1F69A55700D6A8D0 /* GoogleService-Info.plist in Resources */ = {isa = PBXBuildFile; fileRef = 1F64148E1F69A55700D6A8D0 /* GoogleService-Info.plist */; };
		1F8934DC1F69A9B000F56F20 /* GeoFire.m in Sources */ = {isa = PBXBuildFile; fileRef = 1F8934D31F69A9B000F56F20 /* GeoFire.m */; };
		1F8934DD1F69A9B000F56F20 /* GFBase32Utils.m in Sources */ = {isa = PBXBuildFile; fileRef = 1F8934D51F69A9B000F56F20 /* GFBase32Utils.m */; };
		1F8934DE1F69A9B000F56F20 /* GFGeoHash.m in Sources */ = {isa = PBXBuildFile; fileRef = 1F8934D71F69A9B000F56F20 /* GFGeoHash.m */; };
		1F8934DF1F69A9B000F56F20 /* GFGeoHashQuery.m in Sources */ = {isa = PBXBuildFile; fileRef = 1F8934D91F69A9B000F56F20 /* GFGeoHashQuery.m */; };
		1F8934E01F69A9B000F56F20 /* GFQuery.m in Sources */ = {isa = PBXBuildFile; fileRef = 1F8934DB1F69A9B000F56F20 /* GFQuery.m */; };
		85B7561D849AB6B807F25225 /* Pods_Poke_Finder.framework in Frameworks */ = {isa = PBXBuildFile; fileRef = 96D0081523A1DE63F5924371 /* Pods_Poke_Finder.framework */; };
/* End PBXBuildFile section */

/* Begin PBXFileReference section */
		1F6414761F69A29B00D6A8D0 /* Poke_Finder.app */ = {isa = PBXFileReference; explicitFileType = wrapper.application; includeInIndex = 0; path = Poke_Finder.app; sourceTree = BUILT_PRODUCTS_DIR; };
		1F6414791F69A29B00D6A8D0 /* AppDelegate.swift */ = {isa = PBXFileReference; lastKnownFileType = sourcecode.swift; path = AppDelegate.swift; sourceTree = "<group>"; };
		1F64147B1F69A29B00D6A8D0 /* ViewController.swift */ = {isa = PBXFileReference; lastKnownFileType = sourcecode.swift; path = ViewController.swift; sourceTree = "<group>"; };
		1F64147E1F69A29B00D6A8D0 /* Base */ = {isa = PBXFileReference; lastKnownFileType = file.storyboard; name = Base; path = Base.lproj/Main.storyboard; sourceTree = "<group>"; };
		1F6414811F69A29B00D6A8D0 /* Poke_Finder.xcdatamodel */ = {isa = PBXFileReference; lastKnownFileType = wrapper.xcdatamodel; path = Poke_Finder.xcdatamodel; sourceTree = "<group>"; };
		1F6414831F69A29B00D6A8D0 /* Assets.xcassets */ = {isa = PBXFileReference; lastKnownFileType = folder.assetcatalog; path = Assets.xcassets; sourceTree = "<group>"; };
		1F6414861F69A29B00D6A8D0 /* Base */ = {isa = PBXFileReference; lastKnownFileType = file.storyboard; name = Base; path = Base.lproj/LaunchScreen.storyboard; sourceTree = "<group>"; };
		1F6414881F69A29B00D6A8D0 /* Info.plist */ = {isa = PBXFileReference; lastKnownFileType = text.plist.xml; path = Info.plist; sourceTree = "<group>"; };
		1F64148E1F69A55700D6A8D0 /* GoogleService-Info.plist */ = {isa = PBXFileReference; fileEncoding = 4; lastKnownFileType = text.plist.xml; path = "GoogleService-Info.plist"; sourceTree = "<group>"; };
		1F64A4E61F69C2D200CC77AF /* PokeFinder-Bridging-Header.h */ = {isa = PBXFileReference; fileEncoding = 4; lastKnownFileType = sourcecode.c.h; name = "PokeFinder-Bridging-Header.h"; path = "../PokeFinder-Bridging-Header.h"; sourceTree = "<group>"; };
		1F8934CC1F69A9B000F56F20 /* GeoFire.h */ = {isa = PBXFileReference; fileEncoding = 4; lastKnownFileType = sourcecode.c.h; path = GeoFire.h; sourceTree = "<group>"; };
		1F8934CD1F69A9B000F56F20 /* GFCircleQuery.h */ = {isa = PBXFileReference; fileEncoding = 4; lastKnownFileType = sourcecode.c.h; path = GFCircleQuery.h; sourceTree = "<group>"; };
		1F8934CE1F69A9B000F56F20 /* GFQuery.h */ = {isa = PBXFileReference; fileEncoding = 4; lastKnownFileType = sourcecode.c.h; path = GFQuery.h; sourceTree = "<group>"; };
		1F8934CF1F69A9B000F56F20 /* GFRegionQuery.h */ = {isa = PBXFileReference; fileEncoding = 4; lastKnownFileType = sourcecode.c.h; path = GFRegionQuery.h; sourceTree = "<group>"; };
		1F8934D01F69A9B000F56F20 /* GeoFire-Prefix.pch */ = {isa = PBXFileReference; fileEncoding = 4; lastKnownFileType = sourcecode.c.h; path = "GeoFire-Prefix.pch"; sourceTree = "<group>"; };
		1F8934D21F69A9B000F56F20 /* GeoFire+Private.h */ = {isa = PBXFileReference; fileEncoding = 4; lastKnownFileType = sourcecode.c.h; path = "GeoFire+Private.h"; sourceTree = "<group>"; };
		1F8934D31F69A9B000F56F20 /* GeoFire.m */ = {isa = PBXFileReference; fileEncoding = 4; lastKnownFileType = sourcecode.c.objc; path = GeoFire.m; sourceTree = "<group>"; };
		1F8934D41F69A9B000F56F20 /* GFBase32Utils.h */ = {isa = PBXFileReference; fileEncoding = 4; lastKnownFileType = sourcecode.c.h; path = GFBase32Utils.h; sourceTree = "<group>"; };
		1F8934D51F69A9B000F56F20 /* GFBase32Utils.m */ = {isa = PBXFileReference; fileEncoding = 4; lastKnownFileType = sourcecode.c.objc; path = GFBase32Utils.m; sourceTree = "<group>"; };
		1F8934D61F69A9B000F56F20 /* GFGeoHash.h */ = {isa = PBXFileReference; fileEncoding = 4; lastKnownFileType = sourcecode.c.h; path = GFGeoHash.h; sourceTree = "<group>"; };
		1F8934D71F69A9B000F56F20 /* GFGeoHash.m */ = {isa = PBXFileReference; fileEncoding = 4; lastKnownFileType = sourcecode.c.objc; path = GFGeoHash.m; sourceTree = "<group>"; };
		1F8934D81F69A9B000F56F20 /* GFGeoHashQuery.h */ = {isa = PBXFileReference; fileEncoding = 4; lastKnownFileType = sourcecode.c.h; path = GFGeoHashQuery.h; sourceTree = "<group>"; };
		1F8934D91F69A9B000F56F20 /* GFGeoHashQuery.m */ = {isa = PBXFileReference; fileEncoding = 4; lastKnownFileType = sourcecode.c.objc; path = GFGeoHashQuery.m; sourceTree = "<group>"; };
		1F8934DA1F69A9B000F56F20 /* GFQuery+Private.h */ = {isa = PBXFileReference; fileEncoding = 4; lastKnownFileType = sourcecode.c.h; path = "GFQuery+Private.h"; sourceTree = "<group>"; };
		1F8934DB1F69A9B000F56F20 /* GFQuery.m */ = {isa = PBXFileReference; fileEncoding = 4; lastKnownFileType = sourcecode.c.objc; path = GFQuery.m; sourceTree = "<group>"; };
		7494BB96F289902B284359AF /* Pods-Poke_Finder.release.xcconfig */ = {isa = PBXFileReference; includeInIndex = 1; lastKnownFileType = text.xcconfig; name = "Pods-Poke_Finder.release.xcconfig"; path = "Pods/Target Support Files/Pods-Poke_Finder/Pods-Poke_Finder.release.xcconfig"; sourceTree = "<group>"; };
		96D0081523A1DE63F5924371 /* Pods_Poke_Finder.framework */ = {isa = PBXFileReference; explicitFileType = wrapper.framework; includeInIndex = 0; path = Pods_Poke_Finder.framework; sourceTree = BUILT_PRODUCTS_DIR; };
		994B8E7657C8A408F81FA278 /* Pods-Poke_Finder.debug.xcconfig */ = {isa = PBXFileReference; includeInIndex = 1; lastKnownFileType = text.xcconfig; name = "Pods-Poke_Finder.debug.xcconfig"; path = "Pods/Target Support Files/Pods-Poke_Finder/Pods-Poke_Finder.debug.xcconfig"; sourceTree = "<group>"; };
/* End PBXFileReference section */

/* Begin PBXFrameworksBuildPhase section */
		1F6414731F69A29B00D6A8D0 /* Frameworks */ = {
			isa = PBXFrameworksBuildPhase;
			buildActionMask = 2147483647;
			files = (
				85B7561D849AB6B807F25225 /* Pods_Poke_Finder.framework in Frameworks */,
			);
			runOnlyForDeploymentPostprocessing = 0;
		};
/* End PBXFrameworksBuildPhase section */

/* Begin PBXGroup section */
		17C23C230C01E606FA52FFF8 /* Pods */ = {
			isa = PBXGroup;
			children = (
				994B8E7657C8A408F81FA278 /* Pods-Poke_Finder.debug.xcconfig */,
				7494BB96F289902B284359AF /* Pods-Poke_Finder.release.xcconfig */,
			);
			name = Pods;
			sourceTree = "<group>";
		};
		1F64146D1F69A29B00D6A8D0 = {
			isa = PBXGroup;
			children = (
				1F6414781F69A29B00D6A8D0 /* Poke_Finder */,
				1F6414771F69A29B00D6A8D0 /* Products */,
				17C23C230C01E606FA52FFF8 /* Pods */,
				C10A7F70021ACEF8CADA9384 /* Frameworks */,
			);
			sourceTree = "<group>";
		};
		1F6414771F69A29B00D6A8D0 /* Products */ = {
			isa = PBXGroup;
			children = (
				1F6414761F69A29B00D6A8D0 /* Poke_Finder.app */,
			);
			name = Products;
			sourceTree = "<group>";
		};
		1F6414781F69A29B00D6A8D0 /* Poke_Finder */ = {
			isa = PBXGroup;
			children = (
				1F8934CA1F69A9B000F56F20 /* GeoFire */,
				1F64148E1F69A55700D6A8D0 /* GoogleService-Info.plist */,
				1F6414791F69A29B00D6A8D0 /* AppDelegate.swift */,
				1F64147B1F69A29B00D6A8D0 /* ViewController.swift */,
				1F64147D1F69A29B00D6A8D0 /* Main.storyboard */,
				1F6414831F69A29B00D6A8D0 /* Assets.xcassets */,
				1F6414851F69A29B00D6A8D0 /* LaunchScreen.storyboard */,
				1F6414881F69A29B00D6A8D0 /* Info.plist */,
				1F6414801F69A29B00D6A8D0 /* Poke_Finder.xcdatamodeld */,
				1F64A4E61F69C2D200CC77AF /* PokeFinder-Bridging-Header.h */,
			);
			path = Poke_Finder;
			sourceTree = "<group>";
		};
		1F8934CA1F69A9B000F56F20 /* GeoFire */ = {
			isa = PBXGroup;
			children = (
				1F8934CB1F69A9B000F56F20 /* API */,
				1F8934D01F69A9B000F56F20 /* GeoFire-Prefix.pch */,
				1F8934D11F69A9B000F56F20 /* Implementation */,
			);
			path = GeoFire;
			sourceTree = "<group>";
		};
		1F8934CB1F69A9B000F56F20 /* API */ = {
			isa = PBXGroup;
			children = (
				1F8934CC1F69A9B000F56F20 /* GeoFire.h */,
				1F8934CD1F69A9B000F56F20 /* GFCircleQuery.h */,
				1F8934CE1F69A9B000F56F20 /* GFQuery.h */,
				1F8934CF1F69A9B000F56F20 /* GFRegionQuery.h */,
			);
			path = API;
			sourceTree = "<group>";
		};
		1F8934D11F69A9B000F56F20 /* Implementation */ = {
			isa = PBXGroup;
			children = (
				1F8934D21F69A9B000F56F20 /* GeoFire+Private.h */,
				1F8934D31F69A9B000F56F20 /* GeoFire.m */,
				1F8934D41F69A9B000F56F20 /* GFBase32Utils.h */,
				1F8934D51F69A9B000F56F20 /* GFBase32Utils.m */,
				1F8934D61F69A9B000F56F20 /* GFGeoHash.h */,
				1F8934D71F69A9B000F56F20 /* GFGeoHash.m */,
				1F8934D81F69A9B000F56F20 /* GFGeoHashQuery.h */,
				1F8934D91F69A9B000F56F20 /* GFGeoHashQuery.m */,
				1F8934DA1F69A9B000F56F20 /* GFQuery+Private.h */,
				1F8934DB1F69A9B000F56F20 /* GFQuery.m */,
			);
			path = Implementation;
			sourceTree = "<group>";
		};
		C10A7F70021ACEF8CADA9384 /* Frameworks */ = {
			isa = PBXGroup;
			children = (
				96D0081523A1DE63F5924371 /* Pods_Poke_Finder.framework */,
			);
			name = Frameworks;
			sourceTree = "<group>";
		};
/* End PBXGroup section */

/* Begin PBXNativeTarget section */
		1F6414751F69A29B00D6A8D0 /* Poke_Finder */ = {
			isa = PBXNativeTarget;
			buildConfigurationList = 1F64148B1F69A29B00D6A8D0 /* Build configuration list for PBXNativeTarget "Poke_Finder" */;
			buildPhases = (
				53D33E1F1E36C049035FEC53 /* [CP] Check Pods Manifest.lock */,
				1F6414721F69A29B00D6A8D0 /* Sources */,
				1F6414731F69A29B00D6A8D0 /* Frameworks */,
				1F6414741F69A29B00D6A8D0 /* Resources */,
				1B4C8DD67B07070D5FDC02FE /* [CP] Embed Pods Frameworks */,
				D641484F155709EB2D534920 /* [CP] Copy Pods Resources */,
			);
			buildRules = (
			);
			dependencies = (
			);
			name = Poke_Finder;
			productName = Poke_Finder;
			productReference = 1F6414761F69A29B00D6A8D0 /* Poke_Finder.app */;
			productType = "com.apple.product-type.application";
		};
/* End PBXNativeTarget section */

/* Begin PBXProject section */
		1F64146E1F69A29B00D6A8D0 /* Project object */ = {
			isa = PBXProject;
			attributes = {
				LastSwiftUpdateCheck = 0830;
				LastUpgradeCheck = 0900;
				ORGANIZATIONNAME = Raivis;
				TargetAttributes = {
					1F6414751F69A29B00D6A8D0 = {
						CreatedOnToolsVersion = 8.3.3;
						DevelopmentTeam = X7989Y4B8C;
						ProvisioningStyle = Automatic;
					};
				};
			};
			buildConfigurationList = 1F6414711F69A29B00D6A8D0 /* Build configuration list for PBXProject "Poke_Finder" */;
			compatibilityVersion = "Xcode 3.2";
			developmentRegion = English;
			hasScannedForEncodings = 0;
			knownRegions = (
				en,
				Base,
			);
			mainGroup = 1F64146D1F69A29B00D6A8D0;
			productRefGroup = 1F6414771F69A29B00D6A8D0 /* Products */;
			projectDirPath = "";
			projectRoot = "";
			targets = (
				1F6414751F69A29B00D6A8D0 /* Poke_Finder */,
			);
		};
/* End PBXProject section */

/* Begin PBXResourcesBuildPhase section */
		1F6414741F69A29B00D6A8D0 /* Resources */ = {
			isa = PBXResourcesBuildPhase;
			buildActionMask = 2147483647;
			files = (
				1F6414871F69A29B00D6A8D0 /* LaunchScreen.storyboard in Resources */,
				1F64148F1F69A55700D6A8D0 /* GoogleService-Info.plist in Resources */,
				1F6414841F69A29B00D6A8D0 /* Assets.xcassets in Resources */,
				1F64147F1F69A29B00D6A8D0 /* Main.storyboard in Resources */,
			);
			runOnlyForDeploymentPostprocessing = 0;
		};
/* End PBXResourcesBuildPhase section */

/* Begin PBXShellScriptBuildPhase section */
		1B4C8DD67B07070D5FDC02FE /* [CP] Embed Pods Frameworks */ = {
			isa = PBXShellScriptBuildPhase;
			buildActionMask = 2147483647;
			files = (
			);
			inputPaths = (
			);
			name = "[CP] Embed Pods Frameworks";
			outputPaths = (
			);
			runOnlyForDeploymentPostprocessing = 0;
			shellPath = /bin/sh;
			shellScript = "\"${SRCROOT}/Pods/Target Support Files/Pods-Poke_Finder/Pods-Poke_Finder-frameworks.sh\"\n";
			showEnvVarsInLog = 0;
		};
		53D33E1F1E36C049035FEC53 /* [CP] Check Pods Manifest.lock */ = {
			isa = PBXShellScriptBuildPhase;
			buildActionMask = 2147483647;
			files = (
			);
			inputPaths = (
			);
			name = "[CP] Check Pods Manifest.lock";
			outputPaths = (
			);
			runOnlyForDeploymentPostprocessing = 0;
			shellPath = /bin/sh;
			shellScript = "diff \"${PODS_ROOT}/../Podfile.lock\" \"${PODS_ROOT}/Manifest.lock\" > /dev/null\nif [ $? != 0 ] ; then\n    # print error to STDERR\n    echo \"error: The sandbox is not in sync with the Podfile.lock. Run 'pod install' or update your CocoaPods installation.\" >&2\n    exit 1\nfi\n";
			showEnvVarsInLog = 0;
		};
		D641484F155709EB2D534920 /* [CP] Copy Pods Resources */ = {
			isa = PBXShellScriptBuildPhase;
			buildActionMask = 2147483647;
			files = (
			);
			inputPaths = (
			);
			name = "[CP] Copy Pods Resources";
			outputPaths = (
			);
			runOnlyForDeploymentPostprocessing = 0;
			shellPath = /bin/sh;
			shellScript = "\"${SRCROOT}/Pods/Target Support Files/Pods-Poke_Finder/Pods-Poke_Finder-resources.sh\"\n";
			showEnvVarsInLog = 0;
		};
/* End PBXShellScriptBuildPhase section */

/* Begin PBXSourcesBuildPhase section */
		1F6414721F69A29B00D6A8D0 /* Sources */ = {
			isa = PBXSourcesBuildPhase;
			buildActionMask = 2147483647;
			files = (
				1F64147C1F69A29B00D6A8D0 /* ViewController.swift in Sources */,
				1F8934DD1F69A9B000F56F20 /* GFBase32Utils.m in Sources */,
				1F8934DF1F69A9B000F56F20 /* GFGeoHashQuery.m in Sources */,
				1F8934DC1F69A9B000F56F20 /* GeoFire.m in Sources */,
				1F6414821F69A29B00D6A8D0 /* Poke_Finder.xcdatamodeld in Sources */,
				1F8934DE1F69A9B000F56F20 /* GFGeoHash.m in Sources */,
				1F64147A1F69A29B00D6A8D0 /* AppDelegate.swift in Sources */,
				1F8934E01F69A9B000F56F20 /* GFQuery.m in Sources */,
			);
			runOnlyForDeploymentPostprocessing = 0;
		};
/* End PBXSourcesBuildPhase section */

/* Begin PBXVariantGroup section */
		1F64147D1F69A29B00D6A8D0 /* Main.storyboard */ = {
			isa = PBXVariantGroup;
			children = (
				1F64147E1F69A29B00D6A8D0 /* Base */,
			);
			name = Main.storyboard;
			sourceTree = "<group>";
		};
		1F6414851F69A29B00D6A8D0 /* LaunchScreen.storyboard */ = {
			isa = PBXVariantGroup;
			children = (
				1F6414861F69A29B00D6A8D0 /* Base */,
			);
			name = LaunchScreen.storyboard;
			sourceTree = "<group>";
		};
/* End PBXVariantGroup section */

/* Begin XCBuildConfiguration section */
		1F6414891F69A29B00D6A8D0 /* Debug */ = {
			isa = XCBuildConfiguration;
			buildSettings = {
				ALWAYS_SEARCH_USER_PATHS = NO;
				CLANG_ANALYZER_NONNULL = YES;
				CLANG_ANALYZER_NUMBER_OBJECT_CONVERSION = YES_AGGRESSIVE;
				CLANG_CXX_LANGUAGE_STANDARD = "gnu++0x";
				CLANG_CXX_LIBRARY = "libc++";
				CLANG_ENABLE_MODULES = YES;
				CLANG_ENABLE_OBJC_ARC = YES;
				CLANG_WARN_BLOCK_CAPTURE_AUTORELEASING = YES;
				CLANG_WARN_BOOL_CONVERSION = YES;
				CLANG_WARN_COMMA = YES;
				CLANG_WARN_CONSTANT_CONVERSION = YES;
				CLANG_WARN_DIRECT_OBJC_ISA_USAGE = YES_ERROR;
				CLANG_WARN_DOCUMENTATION_COMMENTS = YES;
				CLANG_WARN_EMPTY_BODY = YES;
				CLANG_WARN_ENUM_CONVERSION = YES;
				CLANG_WARN_INFINITE_RECURSION = YES;
				CLANG_WARN_INT_CONVERSION = YES;
				CLANG_WARN_NON_LITERAL_NULL_CONVERSION = YES;
				CLANG_WARN_OBJC_LITERAL_CONVERSION = YES;
				CLANG_WARN_OBJC_ROOT_CLASS = YES_ERROR;
				CLANG_WARN_RANGE_LOOP_ANALYSIS = YES;
				CLANG_WARN_STRICT_PROTOTYPES = YES;
				CLANG_WARN_SUSPICIOUS_MOVE = YES;
				CLANG_WARN_UNREACHABLE_CODE = YES;
				CLANG_WARN__DUPLICATE_METHOD_MATCH = YES;
				"CODE_SIGN_IDENTITY[sdk=iphoneos*]" = "iPhone Developer";
				COPY_PHASE_STRIP = NO;
				DEBUG_INFORMATION_FORMAT = dwarf;
				ENABLE_STRICT_OBJC_MSGSEND = YES;
				ENABLE_TESTABILITY = YES;
				GCC_C_LANGUAGE_STANDARD = gnu99;
				GCC_DYNAMIC_NO_PIC = NO;
				GCC_NO_COMMON_BLOCKS = YES;
				GCC_OPTIMIZATION_LEVEL = 0;
				GCC_PREPROCESSOR_DEFINITIONS = (
					"DEBUG=1",
					"$(inherited)",
				);
				GCC_WARN_64_TO_32_BIT_CONVERSION = YES;
				GCC_WARN_ABOUT_RETURN_TYPE = YES_ERROR;
				GCC_WARN_UNDECLARED_SELECTOR = YES;
				GCC_WARN_UNINITIALIZED_AUTOS = YES_AGGRESSIVE;
				GCC_WARN_UNUSED_FUNCTION = YES;
				GCC_WARN_UNUSED_VARIABLE = YES;
				IPHONEOS_DEPLOYMENT_TARGET = 10.3;
				MTL_ENABLE_DEBUG_INFO = YES;
				ONLY_ACTIVE_ARCH = YES;
				SDKROOT = iphoneos;
				SWIFT_ACTIVE_COMPILATION_CONDITIONS = DEBUG;
				SWIFT_OPTIMIZATION_LEVEL = "-Onone";
				TARGETED_DEVICE_FAMILY = "1,2";
			};
			name = Debug;
		};
		1F64148A1F69A29B00D6A8D0 /* Release */ = {
			isa = XCBuildConfiguration;
			buildSettings = {
				ALWAYS_SEARCH_USER_PATHS = NO;
				CLANG_ANALYZER_NONNULL = YES;
				CLANG_ANALYZER_NUMBER_OBJECT_CONVERSION = YES_AGGRESSIVE;
				CLANG_CXX_LANGUAGE_STANDARD = "gnu++0x";
				CLANG_CXX_LIBRARY = "libc++";
				CLANG_ENABLE_MODULES = YES;
				CLANG_ENABLE_OBJC_ARC = YES;
				CLANG_WARN_BLOCK_CAPTURE_AUTORELEASING = YES;
				CLANG_WARN_BOOL_CONVERSION = YES;
				CLANG_WARN_COMMA = YES;
				CLANG_WARN_CONSTANT_CONVERSION = YES;
				CLANG_WARN_DIRECT_OBJC_ISA_USAGE = YES_ERROR;
				CLANG_WARN_DOCUMENTATION_COMMENTS = YES;
				CLANG_WARN_EMPTY_BODY = YES;
				CLANG_WARN_ENUM_CONVERSION = YES;
				CLANG_WARN_INFINITE_RECURSION = YES;
				CLANG_WARN_INT_CONVERSION = YES;
				CLANG_WARN_NON_LITERAL_NULL_CONVERSION = YES;
				CLANG_WARN_OBJC_LITERAL_CONVERSION = YES;
				CLANG_WARN_OBJC_ROOT_CLASS = YES_ERROR;
				CLANG_WARN_RANGE_LOOP_ANALYSIS = YES;
				CLANG_WARN_STRICT_PROTOTYPES = YES;
				CLANG_WARN_SUSPICIOUS_MOVE = YES;
				CLANG_WARN_UNREACHABLE_CODE = YES;
				CLANG_WARN__DUPLICATE_METHOD_MATCH = YES;
				"CODE_SIGN_IDENTITY[sdk=iphoneos*]" = "iPhone Developer";
				COPY_PHASE_STRIP = NO;
				DEBUG_INFORMATION_FORMAT = "dwarf-with-dsym";
				ENABLE_NS_ASSERTIONS = NO;
				ENABLE_STRICT_OBJC_MSGSEND = YES;
				GCC_C_LANGUAGE_STANDARD = gnu99;
				GCC_NO_COMMON_BLOCKS = YES;
				GCC_WARN_64_TO_32_BIT_CONVERSION = YES;
				GCC_WARN_ABOUT_RETURN_TYPE = YES_ERROR;
				GCC_WARN_UNDECLARED_SELECTOR = YES;
				GCC_WARN_UNINITIALIZED_AUTOS = YES_AGGRESSIVE;
				GCC_WARN_UNUSED_FUNCTION = YES;
				GCC_WARN_UNUSED_VARIABLE = YES;
				IPHONEOS_DEPLOYMENT_TARGET = 10.3;
				MTL_ENABLE_DEBUG_INFO = NO;
				SDKROOT = iphoneos;
				SWIFT_OPTIMIZATION_LEVEL = "-Owholemodule";
				TARGETED_DEVICE_FAMILY = "1,2";
				VALIDATE_PRODUCT = YES;
			};
			name = Release;
		};
		1F64148C1F69A29B00D6A8D0 /* Debug */ = {
			isa = XCBuildConfiguration;
			baseConfigurationReference = 994B8E7657C8A408F81FA278 /* Pods-Poke_Finder.debug.xcconfig */;
			buildSettings = {
				ASSETCATALOG_COMPILER_APPICON_NAME = AppIcon;
				DEVELOPMENT_TEAM = X7989Y4B8C;
				INFOPLIST_FILE = Poke_Finder/Info.plist;
				LD_RUNPATH_SEARCH_PATHS = "$(inherited) @executable_path/Frameworks";
				PRODUCT_BUNDLE_IDENTIFIER = com.pokefinder.raivisolehno;
				PRODUCT_NAME = "$(TARGET_NAME)";
				SWIFT_OBJC_BRIDGING_HEADER = "PokeFinder-Bridging-Header.h";
				SWIFT_VERSION = 3.0;
			};
			name = Debug;
		};
		1F64148D1F69A29B00D6A8D0 /* Release */ = {
			isa = XCBuildConfiguration;
			baseConfigurationReference = 7494BB96F289902B284359AF /* Pods-Poke_Finder.release.xcconfig */;
			buildSettings = {
				ASSETCATALOG_COMPILER_APPICON_NAME = AppIcon;
				DEVELOPMENT_TEAM = X7989Y4B8C;
				INFOPLIST_FILE = Poke_Finder/Info.plist;
				LD_RUNPATH_SEARCH_PATHS = "$(inherited) @executable_path/Frameworks";
				PRODUCT_BUNDLE_IDENTIFIER = com.pokefinder.raivisolehno;
				PRODUCT_NAME = "$(TARGET_NAME)";
				SWIFT_OBJC_BRIDGING_HEADER = "PokeFinder-Bridging-Header.h";
				SWIFT_VERSION = 3.0;
			};
			name = Release;
		};
/* End XCBuildConfiguration section */

/* Begin XCConfigurationList section */
		1F6414711F69A29B00D6A8D0 /* Build configuration list for PBXProject "Poke_Finder" */ = {
			isa = XCConfigurationList;
			buildConfigurations = (
				1F6414891F69A29B00D6A8D0 /* Debug */,
				1F64148A1F69A29B00D6A8D0 /* Release */,
			);
			defaultConfigurationIsVisible = 0;
			defaultConfigurationName = Release;
		};
		1F64148B1F69A29B00D6A8D0 /* Build configuration list for PBXNativeTarget "Poke_Finder" */ = {
			isa = XCConfigurationList;
			buildConfigurations = (
				1F64148C1F69A29B00D6A8D0 /* Debug */,
				1F64148D1F69A29B00D6A8D0 /* Release */,
			);
			defaultConfigurationIsVisible = 0;
			defaultConfigurationName = Release;
		};
/* End XCConfigurationList section */

/* Begin XCVersionGroup section */
		1F6414801F69A29B00D6A8D0 /* Poke_Finder.xcdatamodeld */ = {
			isa = XCVersionGroup;
			children = (
				1F6414811F69A29B00D6A8D0 /* Poke_Finder.xcdatamodel */,
			);
			currentVersion = 1F6414811F69A29B00D6A8D0 /* Poke_Finder.xcdatamodel */;
			path = Poke_Finder.xcdatamodeld;
			sourceTree = "<group>";
			versionGroupType = wrapper.xcdatamodel;
		};
/* End XCVersionGroup section */
	};
	rootObject = 1F64146E1F69A29B00D6A8D0 /* Project object */;
}
